<?xml version="1.0" encoding="utf-8"?>
<Project ToolsVersion="4.0" xmlns="http://schemas.microsoft.com/developer/msbuild/2003">
  <ItemGroup>
    <ClCompile Include="Animation.cpp" />
    <ClCompile Include="Animations.cpp" />
    <ClCompile Include="Block.cpp" />
    <ClCompile Include="Brick.cpp" />
    <ClCompile Include="Coin.cpp" />
    <ClCompile Include="Collision.cpp" />
    <ClCompile Include="FullBlock.cpp" />
    <ClCompile Include="GameObject.cpp" />
    <ClCompile Include="ItemCoin.cpp" />
    <ClCompile Include="ItemMushroom.cpp" />
    <ClCompile Include="ItemPoint.cpp" />
    <ClCompile Include="PipeTeleport.cpp" />
    <ClCompile Include="PiranhaPlant.cpp" />
    <ClCompile Include="Platform.cpp" />
    <ClCompile Include="PlayScene.cpp" />
    <ClCompile Include="Portal.cpp" />
    <ClCompile Include="Sprite.cpp" />
    <ClCompile Include="Sprites.cpp" />
    <ClCompile Include="Textures.cpp" />
    <ClCompile Include="Bullet.cpp">
      <Filter>Enemies</Filter>
    </ClCompile>
    <ClCompile Include="Goomba.cpp">
      <Filter>Enemies</Filter>
    </ClCompile>
    <ClCompile Include="RedGoomba.cpp">
      <Filter>Enemies</Filter>
    </ClCompile>
    <ClCompile Include="turtle.cpp">
      <Filter>Enemies</Filter>
    </ClCompile>
    <ClCompile Include="debug.cpp">
      <Filter>Core</Filter>
    </ClCompile>
    <ClCompile Include="Game.cpp">
      <Filter>Core</Filter>
    </ClCompile>
    <ClCompile Include="main.cpp">
      <Filter>Core</Filter>
    </ClCompile>
    <ClCompile Include="Utils.cpp">
      <Filter>Core</Filter>
    </ClCompile>
    <ClCompile Include="Mario.cpp">
      <Filter>Mario</Filter>
    </ClCompile>
    <ClCompile Include="SampleKeyEventHandler.cpp">
      <Filter>Mario</Filter>
    </ClCompile>
  </ItemGroup>
  <ItemGroup>
    <ClInclude Include="Animation.h" />
    <ClInclude Include="AnimationFrame.h" />
    <ClInclude Include="Animations.h" />
    <ClInclude Include="Block.h" />
    <ClInclude Include="Brick.h" />
    <ClInclude Include="Coin.h" />
    <ClInclude Include="Collision.h" />
    <ClInclude Include="Decorations.h" />
    <ClInclude Include="EdgeSensor.h" />
    <ClInclude Include="FullBlock.h" />
    <ClInclude Include="GameObject.h" />
    <ClInclude Include="ItemCoin.h" />
    <ClInclude Include="ItemMushroom.h" />
    <ClInclude Include="ItemPoint.h" />
    <ClInclude Include="PipeTeleport.h" />
    <ClInclude Include="PiranhaPlant.h" />
    <ClInclude Include="Platform.h" />
    <ClInclude Include="PlayScene.h" />
    <ClInclude Include="Portal.h" />
    <ClInclude Include="Scene.h" />
    <ClInclude Include="Sprite.h" />
    <ClInclude Include="Sprites.h" />
    <ClInclude Include="Texture.h" />
    <ClInclude Include="Textures.h" />
    <ClInclude Include="Bullet.h">
      <Filter>Enemies</Filter>
    </ClInclude>
    <ClInclude Include="Goomba.h">
      <Filter>Enemies</Filter>
    </ClInclude>
    <ClInclude Include="RedGoomba.h">
      <Filter>Enemies</Filter>
    </ClInclude>
    <ClInclude Include="turle.h">
      <Filter>Enemies</Filter>
    </ClInclude>
    <ClInclude Include="Game.h">
      <Filter>Core</Filter>
    </ClInclude>
    <ClInclude Include="AssetIDs.h">
      <Filter>Core</Filter>
    </ClInclude>
    <ClInclude Include="debug.h">
      <Filter>Core</Filter>
    </ClInclude>
    <ClInclude Include="Utils.h">
      <Filter>Core</Filter>
    </ClInclude>
    <ClInclude Include="Mario.h">
      <Filter>Mario</Filter>
    </ClInclude>
    <ClInclude Include="KeyEventHandler.h">
      <Filter>Mario</Filter>
    </ClInclude>
    <ClInclude Include="SampleKeyEventHandler.h">
      <Filter>Mario</Filter>
    </ClInclude>
  </ItemGroup>
  <ItemGroup>
    <None Include="packages.config" />
  </ItemGroup>
  <ItemGroup>
    <Text Include="1-1.txt">
      <Filter>Data</Filter>
    </Text>
    <Text Include="brick.txt">
      <Filter>Data</Filter>
    </Text>
    <Text Include="bulllet.txt">
      <Filter>Data</Filter>
    </Text>
    <Text Include="coin.txt">
      <Filter>Data</Filter>
    </Text>
    <Text Include="goomba.txt">
      <Filter>Data</Filter>
    </Text>
    <Text Include="land1.txt">
      <Filter>Data</Filter>
    </Text>
    <Text Include="mario.txt">
      <Filter>Data</Filter>
    </Text>
    <Text Include="mario-sample.txt">
      <Filter>Data</Filter>
    </Text>
    <Text Include="piranhaplant.txt">
      <Filter>Data</Filter>
    </Text>
    <Text Include="redgoomba.txt">
      <Filter>Data</Filter>
    </Text>
    <Text Include="turtle.txt">
      <Filter>Data</Filter>
    </Text>
  </ItemGroup>
  <ItemGroup>
    <Filter Include="Enemies">
      <UniqueIdentifier>{d06ab4f1-0a6d-4a63-9a44-a06e7b1b4547}</UniqueIdentifier>
    </Filter>
    <Filter Include="Data">
      <UniqueIdentifier>{10f9da73-7ab6-4eb0-939f-6de9b8f9f861}</UniqueIdentifier>
    </Filter>
    <Filter Include="Core">
      <UniqueIdentifier>{5281da42-df93-4a78-9e44-cad08f313b34}</UniqueIdentifier>
    </Filter>
    <Filter Include="Mario">
      <UniqueIdentifier>{090cb1fa-087b-44db-a6fb-02498e59b51e}</UniqueIdentifier>
    </Filter>
  </ItemGroup>
</Project>