<?xml version="1.0" encoding="utf-8"?>
<Project ToolsVersion="4.0" xmlns="http://schemas.microsoft.com/developer/msbuild/2003">
  <ItemGroup>
    <ClCompile Include="Animation.cpp">
      <Filter>Core</Filter>
    </ClCompile>
    <ClCompile Include="Animations.cpp">
      <Filter>Core</Filter>
    </ClCompile>
    <ClCompile Include="Collision.cpp">
      <Filter>Core</Filter>
    </ClCompile>
    <ClCompile Include="debug.cpp">
      <Filter>Core</Filter>
    </ClCompile>
    <ClCompile Include="Game.cpp">
      <Filter>Core</Filter>
    </ClCompile>
    <ClCompile Include="PlayScene.cpp">
      <Filter>Core</Filter>
    </ClCompile>
    <ClCompile Include="SampleKeyEventHandler.cpp">
      <Filter>Core</Filter>
    </ClCompile>
    <ClCompile Include="Sprite.cpp">
      <Filter>Core</Filter>
    </ClCompile>
    <ClCompile Include="Sprites.cpp">
      <Filter>Core</Filter>
    </ClCompile>
    <ClCompile Include="Textures.cpp">
      <Filter>Core</Filter>
    </ClCompile>
    <ClCompile Include="Utils.cpp">
      <Filter>Core</Filter>
    </ClCompile>
    <ClCompile Include="Goomba.cpp">
      <Filter>Object\Enemies</Filter>
    </ClCompile>
    <ClCompile Include="RedGoomba.cpp">
      <Filter>Object\Enemies</Filter>
    </ClCompile>
    <ClCompile Include="turtle.cpp">
      <Filter>Object\Enemies</Filter>
    </ClCompile>
    <ClCompile Include="Coin.cpp">
      <Filter>Object\Items</Filter>
    </ClCompile>
    <ClCompile Include="Block.cpp">
      <Filter>Object\Background</Filter>
    </ClCompile>
    <ClCompile Include="Brick.cpp">
      <Filter>Object\Background</Filter>
    </ClCompile>
    <ClCompile Include="FullBlock.cpp">
      <Filter>Object\Background</Filter>
    </ClCompile>
    <ClCompile Include="PipeTeleport.cpp">
      <Filter>Object\Background</Filter>
    </ClCompile>
    <ClCompile Include="Platform.cpp">
      <Filter>Object\Background</Filter>
    </ClCompile>
    <ClCompile Include="Portal.cpp">
      <Filter>Object\Background</Filter>
    </ClCompile>
    <ClCompile Include="main.cpp">
      <Filter>Source</Filter>
    </ClCompile>
    <ClCompile Include="Mario.cpp">
      <Filter>Object</Filter>
    </ClCompile>
    <ClCompile Include="GameObject.cpp">
      <Filter>Object</Filter>
    </ClCompile>
    <ClCompile Include="ItemPoint.cpp">
      <Filter>Object\Items</Filter>
    </ClCompile>
    <ClCompile Include="ItemCoin.cpp">
      <Filter>Object\Items</Filter>
    </ClCompile>
  </ItemGroup>
  <ItemGroup>
    <ClInclude Include="Animation.h">
      <Filter>Core</Filter>
    </ClInclude>
    <ClInclude Include="AnimationFrame.h">
      <Filter>Core</Filter>
    </ClInclude>
    <ClInclude Include="Animations.h">
      <Filter>Core</Filter>
    </ClInclude>
    <ClInclude Include="Collision.h">
      <Filter>Core</Filter>
    </ClInclude>
    <ClInclude Include="debug.h">
      <Filter>Core</Filter>
    </ClInclude>
    <ClInclude Include="Game.h">
      <Filter>Core</Filter>
    </ClInclude>
    <ClInclude Include="KeyEventHandler.h">
      <Filter>Core</Filter>
    </ClInclude>
    <ClInclude Include="PlayScene.h">
      <Filter>Core</Filter>
    </ClInclude>
    <ClInclude Include="SampleKeyEventHandler.h">
      <Filter>Core</Filter>
    </ClInclude>
    <ClInclude Include="Scene.h">
      <Filter>Core</Filter>
    </ClInclude>
    <ClInclude Include="Sprite.h">
      <Filter>Core</Filter>
    </ClInclude>
    <ClInclude Include="Sprites.h">
      <Filter>Core</Filter>
    </ClInclude>
    <ClInclude Include="Texture.h">
      <Filter>Core</Filter>
    </ClInclude>
    <ClInclude Include="Textures.h">
      <Filter>Core</Filter>
    </ClInclude>
    <ClInclude Include="Utils.h">
      <Filter>Core</Filter>
    </ClInclude>
    <ClInclude Include="Goomba.h">
      <Filter>Object\Enemies</Filter>
    </ClInclude>
    <ClInclude Include="RedGoomba.h">
      <Filter>Object\Enemies</Filter>
    </ClInclude>
    <ClInclude Include="turle.h">
      <Filter>Object\Enemies</Filter>
    </ClInclude>
    <ClInclude Include="Coin.h">
      <Filter>Object\Items</Filter>
    </ClInclude>
    <ClInclude Include="EdgeSensor.h">
      <Filter>Object\Items</Filter>
    </ClInclude>
    <ClInclude Include="Block.h">
      <Filter>Object\Background</Filter>
    </ClInclude>
    <ClInclude Include="Brick.h">
      <Filter>Object\Background</Filter>
    </ClInclude>
    <ClInclude Include="Decorations.h">
      <Filter>Object\Background</Filter>
    </ClInclude>
    <ClInclude Include="FullBlock.h">
      <Filter>Object\Background</Filter>
    </ClInclude>
    <ClInclude Include="PipeTeleport.h">
      <Filter>Object\Background</Filter>
    </ClInclude>
    <ClInclude Include="Platform.h">
      <Filter>Object\Background</Filter>
    </ClInclude>
    <ClInclude Include="Portal.h">
      <Filter>Object\Background</Filter>
    </ClInclude>
    <ClInclude Include="Mario.h">
      <Filter>Object</Filter>
    </ClInclude>
    <ClInclude Include="GameObject.h">
      <Filter>Object</Filter>
    </ClInclude>
    <ClInclude Include="AssetIDs.h">
      <Filter>Source</Filter>
    </ClInclude>
    <ClInclude Include="ItemPoint.h">
      <Filter>Object\Items</Filter>
    </ClInclude>
    <ClInclude Include="ItemCoin.h">
      <Filter>Object\Items</Filter>
    </ClInclude>
  </ItemGroup>
  <ItemGroup>
    <None Include="packages.config" />
  </ItemGroup>
  <ItemGroup>
    <Text Include="goomba.txt">
      <Filter>texFiles</Filter>
    </Text>
    <Text Include="land1.txt">
      <Filter>texFiles</Filter>
    </Text>
    <Text Include="brick.txt">
      <Filter>texFiles</Filter>
    </Text>
    <Text Include="coin.txt">
      <Filter>texFiles</Filter>
    </Text>
    <Text Include="1-1.txt">
      <Filter>texFiles</Filter>
    </Text>
    <Text Include="mario.txt">
      <Filter>texFiles</Filter>
    </Text>
    <Text Include="mario-sample.txt">
      <Filter>texFiles</Filter>
    </Text>
    <Text Include="redgoomba.txt">
      <Filter>texFiles</Filter>
    </Text>
    <Text Include="turtle.txt">
      <Filter>texFiles</Filter>
    </Text>
  </ItemGroup>
  <ItemGroup>
    <Filter Include="Core">
      <UniqueIdentifier>{52170b9f-1a05-47db-9a74-49e55a2c8d4f}</UniqueIdentifier>
    </Filter>
    <Filter Include="Object">
      <UniqueIdentifier>{32da5c0a-2ab8-4a2c-8657-52d8d910ba56}</UniqueIdentifier>
    </Filter>
    <Filter Include="Object\Enemies">
      <UniqueIdentifier>{53b0efe1-34c4-4eba-9ed2-5f9bd8fd1213}</UniqueIdentifier>
    </Filter>
    <Filter Include="Object\Items">
      <UniqueIdentifier>{f758caba-4e9a-46ba-a810-50035c24c315}</UniqueIdentifier>
    </Filter>
    <Filter Include="Object\Background">
      <UniqueIdentifier>{947b3229-8760-44b7-a4fa-6f7a8cc46048}</UniqueIdentifier>
    </Filter>
    <Filter Include="texFiles">
      <UniqueIdentifier>{521e689f-e7d0-473e-9bd6-b99b10de4848}</UniqueIdentifier>
    </Filter>
    <Filter Include="Source">
      <UniqueIdentifier>{71241c4b-438e-4336-a3f0-721ab4ef1747}</UniqueIdentifier>
    </Filter>
  </ItemGroup>
</Project>